
Microsoft Visual Studio Solution File, Format Version 12.00
# Visual Studio 15
VisualStudioVersion = 15.0.28307.572
MinimumVisualStudioVersion = 10.0.40219.1
Project("{FAE04EC0-301F-11D3-BF4B-00C04F79EFBC}") = "HD.API", "API\HD.API.csproj", "{A0870DB1-D873-43EC-8EB2-A8FC31B49822}"
EndProject
Project("{FAE04EC0-301F-11D3-BF4B-00C04F79EFBC}") = "HD.DataAccses", "DataAccses\HD.DataAccses.csproj", "{A8F27092-5A97-49F6-BE91-4D0C8327C30D}"
EndProject
Project("{FAE04EC0-301F-11D3-BF4B-00C04F79EFBC}") = "HD.Domain", "Domain\HD.Domain.csproj", "{D0D5839E-3B23-4293-9950-E5659B3D500B}"
EndProject
Project("{FAE04EC0-301F-11D3-BF4B-00C04F79EFBC}") = "HD.Dto", "HD.Dto\HD.Dto.csproj", "{3EDA5C7A-095B-4E82-8A37-EC74DA58E3A9}"
EndProject
Project("{FAE04EC0-301F-11D3-BF4B-00C04F79EFBC}") = "HD.Helpers", "HD.Helpers\HD.Helpers.csproj", "{3D1B5C24-612B-4A9F-B3E8-48E8BC3BEC2E}"
EndProject
Global
	GlobalSection(SolutionConfigurationPlatforms) = preSolution
		Debug|Any CPU = Debug|Any CPU
		Release|Any CPU = Release|Any CPU
	EndGlobalSection
	GlobalSection(ProjectConfigurationPlatforms) = postSolution
		{A0870DB1-D873-43EC-8EB2-A8FC31B49822}.Debug|Any CPU.ActiveCfg = Debug|Any CPU
		{A0870DB1-D873-43EC-8EB2-A8FC31B49822}.Debug|Any CPU.Build.0 = Debug|Any CPU
		{A0870DB1-D873-43EC-8EB2-A8FC31B49822}.Release|Any CPU.ActiveCfg = Release|Any CPU
		{A0870DB1-D873-43EC-8EB2-A8FC31B49822}.Release|Any CPU.Build.0 = Release|Any CPU
		{A8F27092-5A97-49F6-BE91-4D0C8327C30D}.Debug|Any CPU.ActiveCfg = Debug|Any CPU
		{A8F27092-5A97-49F6-BE91-4D0C8327C30D}.Debug|Any CPU.Build.0 = Debug|Any CPU
		{A8F27092-5A97-49F6-BE91-4D0C8327C30D}.Release|Any CPU.ActiveCfg = Release|Any CPU
		{A8F27092-5A97-49F6-BE91-4D0C8327C30D}.Release|Any CPU.Build.0 = Release|Any CPU
		{D0D5839E-3B23-4293-9950-E5659B3D500B}.Debug|Any CPU.ActiveCfg = Debug|Any CPU
		{D0D5839E-3B23-4293-9950-E5659B3D500B}.Debug|Any CPU.Build.0 = Debug|Any CPU
		{D0D5839E-3B23-4293-9950-E5659B3D500B}.Release|Any CPU.ActiveCfg = Release|Any CPU
		{D0D5839E-3B23-4293-9950-E5659B3D500B}.Release|Any CPU.Build.0 = Release|Any CPU
		{3EDA5C7A-095B-4E82-8A37-EC74DA58E3A9}.Debug|Any CPU.ActiveCfg = Debug|Any CPU
		{3EDA5C7A-095B-4E82-8A37-EC74DA58E3A9}.Debug|Any CPU.Build.0 = Debug|Any CPU
		{3EDA5C7A-095B-4E82-8A37-EC74DA58E3A9}.Release|Any CPU.ActiveCfg = Release|Any CPU
		{3EDA5C7A-095B-4E82-8A37-EC74DA58E3A9}.Release|Any CPU.Build.0 = Release|Any CPU
		{3D1B5C24-612B-4A9F-B3E8-48E8BC3BEC2E}.Debug|Any CPU.ActiveCfg = Debug|Any CPU
		{3D1B5C24-612B-4A9F-B3E8-48E8BC3BEC2E}.Debug|Any CPU.Build.0 = Debug|Any CPU
		{3D1B5C24-612B-4A9F-B3E8-48E8BC3BEC2E}.Release|Any CPU.ActiveCfg = Release|Any CPU
		{3D1B5C24-612B-4A9F-B3E8-48E8BC3BEC2E}.Release|Any CPU.Build.0 = Release|Any CPU
	EndGlobalSection
	GlobalSection(SolutionProperties) = preSolution
		HideSolutionNode = FALSE
	EndGlobalSection
	GlobalSection(ExtensibilityGlobals) = postSolution
		SolutionGuid = {8B469F20-1C14-4F2A-B8B2-D2D20B7EAAE0}
	EndGlobalSection
EndGlobal
